
Microsoft Visual Studio Solution File, Format Version 12.00
# Visual Studio Version 17
VisualStudioVersion = 17.12.35521.163
MinimumVisualStudioVersion = 10.0.40219.1
Project("{FAE04EC0-301F-11D3-BF4B-00C04F79EFBC}") = "Tyuiu.HairovDR.Lab3.Review", "Tyuiu.HairovDR.Lab3.Review\Tyuiu.HairovDR.Lab3.Review.csproj", "{42CDA5AA-23A6-479C-BC1D-765A12E95A9B}"
	ProjectSection(ProjectDependencies) = postProject
		{074A6E00-BA44-43FE-9CCF-51D5D9B1B698} = {074A6E00-BA44-43FE-9CCF-51D5D9B1B698}
		{15E76B87-C16E-42C3-B771-3B5D78F17656} = {15E76B87-C16E-42C3-B771-3B5D78F17656}
		{2366466D-9876-4AE1-BB7A-33DD807E4585} = {2366466D-9876-4AE1-BB7A-33DD807E4585}
		{23B84186-D785-400B-81C2-35C33F9EC2E1} = {23B84186-D785-400B-81C2-35C33F9EC2E1}
		{D10D7DD5-E740-4AC3-9819-3F258B8EBA25} = {D10D7DD5-E740-4AC3-9819-3F258B8EBA25}
	EndProjectSection
EndProject
Project("{2150E333-8FDC-42A3-9474-1A3956D46DE8}") = "lab3", "lab3", "{F901AEC1-A223-439B-9C5B-C4123644C87E}"
EndProject
Project("{FAE04EC0-301F-11D3-BF4B-00C04F79EFBC}") = "SolveMathFirstExpression.Test", "SolveMathFirstExpression.Test\SolveMathFirstExpression.Test.csproj", "{B92E18F8-BA48-4FED-9B84-3B6892A7B252}"
	ProjectSection(ProjectDependencies) = postProject
		{15E76B87-C16E-42C3-B771-3B5D78F17656} = {15E76B87-C16E-42C3-B771-3B5D78F17656}
	EndProjectSection
EndProject
Project("{FAE04EC0-301F-11D3-BF4B-00C04F79EFBC}") = "SolveMathSecondExpression.Test", "SolveMathSecondExpression.Test\SolveMathSecondExpression.Test.csproj", "{5F95E2D3-6328-4FD3-A88C-A97F354C3735}"
	ProjectSection(ProjectDependencies) = postProject
		{23B84186-D785-400B-81C2-35C33F9EC2E1} = {23B84186-D785-400B-81C2-35C33F9EC2E1}
	EndProjectSection
EndProject
Project("{FAE04EC0-301F-11D3-BF4B-00C04F79EFBC}") = "SolveTabMathFuction.Test", "SolveTabMathFuction.Test\SolveTabMathFuction.Test.csproj", "{65AC1441-E96B-44AD-9C22-CF1C846322E7}"
	ProjectSection(ProjectDependencies) = postProject
		{2366466D-9876-4AE1-BB7A-33DD807E4585} = {2366466D-9876-4AE1-BB7A-33DD807E4585}
	EndProjectSection
EndProject
Project("{FAE04EC0-301F-11D3-BF4B-00C04F79EFBC}") = "SolveCalculate.Test", "SolveCalculate.Test\SolveCalculate.Test.csproj", "{45981797-1CC2-43B4-9EC8-8A1D1DE9D64B}"
	ProjectSection(ProjectDependencies) = postProject
		{D10D7DD5-E740-4AC3-9819-3F258B8EBA25} = {D10D7DD5-E740-4AC3-9819-3F258B8EBA25}
	EndProjectSection
EndProject
Project("{FAE04EC0-301F-11D3-BF4B-00C04F79EFBC}") = "SolveArray.Test", "SolveArray.Test\SolveArray.Test.csproj", "{2C49FC02-C1B4-499B-BDE8-A2EDF3048756}"
	ProjectSection(ProjectDependencies) = postProject
		{074A6E00-BA44-43FE-9CCF-51D5D9B1B698} = {074A6E00-BA44-43FE-9CCF-51D5D9B1B698}
	EndProjectSection
EndProject
Project("{FAE04EC0-301F-11D3-BF4B-00C04F79EFBC}") = "SolveMathFirstExpression.Lib", "SolveMathFirstExpression.Lib\SolveMathFirstExpression.Lib.csproj", "{15E76B87-C16E-42C3-B771-3B5D78F17656}"
EndProject
Project("{FAE04EC0-301F-11D3-BF4B-00C04F79EFBC}") = "SolveMathSecondExpression.Lib", "SolveMathSecondExpression.Lib\SolveMathSecondExpression.Lib.csproj", "{23B84186-D785-400B-81C2-35C33F9EC2E1}"
EndProject
Project("{FAE04EC0-301F-11D3-BF4B-00C04F79EFBC}") = "SolveTabMathFuction.Lib", "SolveTabMathFuction.Lib\SolveTabMathFuction.Lib.csproj", "{2366466D-9876-4AE1-BB7A-33DD807E4585}"
EndProject
Project("{FAE04EC0-301F-11D3-BF4B-00C04F79EFBC}") = "SolveCalculate.Lib", "SolveCalculate.Lib\SolveCalculate.Lib.csproj", "{D10D7DD5-E740-4AC3-9819-3F258B8EBA25}"
EndProject
Project("{FAE04EC0-301F-11D3-BF4B-00C04F79EFBC}") = "SolveArray.Lib", "SolveArray.Lib\SolveArray.Lib.csproj", "{074A6E00-BA44-43FE-9CCF-51D5D9B1B698}"
EndProject
Global
	GlobalSection(SolutionConfigurationPlatforms) = preSolution
		Debug|Any CPU = Debug|Any CPU
		Release|Any CPU = Release|Any CPU
	EndGlobalSection
	GlobalSection(ProjectConfigurationPlatforms) = postSolution
		{42CDA5AA-23A6-479C-BC1D-765A12E95A9B}.Debug|Any CPU.ActiveCfg = Debug|Any CPU
		{42CDA5AA-23A6-479C-BC1D-765A12E95A9B}.Debug|Any CPU.Build.0 = Debug|Any CPU
		{42CDA5AA-23A6-479C-BC1D-765A12E95A9B}.Release|Any CPU.ActiveCfg = Release|Any CPU
		{42CDA5AA-23A6-479C-BC1D-765A12E95A9B}.Release|Any CPU.Build.0 = Release|Any CPU
		{B92E18F8-BA48-4FED-9B84-3B6892A7B252}.Debug|Any CPU.ActiveCfg = Debug|Any CPU
		{B92E18F8-BA48-4FED-9B84-3B6892A7B252}.Debug|Any CPU.Build.0 = Debug|Any CPU
		{B92E18F8-BA48-4FED-9B84-3B6892A7B252}.Release|Any CPU.ActiveCfg = Release|Any CPU
		{B92E18F8-BA48-4FED-9B84-3B6892A7B252}.Release|Any CPU.Build.0 = Release|Any CPU
		{5F95E2D3-6328-4FD3-A88C-A97F354C3735}.Debug|Any CPU.ActiveCfg = Debug|Any CPU
		{5F95E2D3-6328-4FD3-A88C-A97F354C3735}.Debug|Any CPU.Build.0 = Debug|Any CPU
		{5F95E2D3-6328-4FD3-A88C-A97F354C3735}.Release|Any CPU.ActiveCfg = Release|Any CPU
		{5F95E2D3-6328-4FD3-A88C-A97F354C3735}.Release|Any CPU.Build.0 = Release|Any CPU
		{65AC1441-E96B-44AD-9C22-CF1C846322E7}.Debug|Any CPU.ActiveCfg = Debug|Any CPU
		{65AC1441-E96B-44AD-9C22-CF1C846322E7}.Debug|Any CPU.Build.0 = Debug|Any CPU
		{65AC1441-E96B-44AD-9C22-CF1C846322E7}.Release|Any CPU.ActiveCfg = Release|Any CPU
		{65AC1441-E96B-44AD-9C22-CF1C846322E7}.Release|Any CPU.Build.0 = Release|Any CPU
		{45981797-1CC2-43B4-9EC8-8A1D1DE9D64B}.Debug|Any CPU.ActiveCfg = Debug|Any CPU
		{45981797-1CC2-43B4-9EC8-8A1D1DE9D64B}.Debug|Any CPU.Build.0 = Debug|Any CPU
		{45981797-1CC2-43B4-9EC8-8A1D1DE9D64B}.Release|Any CPU.ActiveCfg = Release|Any CPU
		{45981797-1CC2-43B4-9EC8-8A1D1DE9D64B}.Release|Any CPU.Build.0 = Release|Any CPU
		{2C49FC02-C1B4-499B-BDE8-A2EDF3048756}.Debug|Any CPU.ActiveCfg = Debug|Any CPU
		{2C49FC02-C1B4-499B-BDE8-A2EDF3048756}.Debug|Any CPU.Build.0 = Debug|Any CPU
		{2C49FC02-C1B4-499B-BDE8-A2EDF3048756}.Release|Any CPU.ActiveCfg = Release|Any CPU
		{2C49FC02-C1B4-499B-BDE8-A2EDF3048756}.Release|Any CPU.Build.0 = Release|Any CPU
		{15E76B87-C16E-42C3-B771-3B5D78F17656}.Debug|Any CPU.ActiveCfg = Debug|Any CPU
		{15E76B87-C16E-42C3-B771-3B5D78F17656}.Debug|Any CPU.Build.0 = Debug|Any CPU
		{15E76B87-C16E-42C3-B771-3B5D78F17656}.Release|Any CPU.ActiveCfg = Release|Any CPU
		{15E76B87-C16E-42C3-B771-3B5D78F17656}.Release|Any CPU.Build.0 = Release|Any CPU
		{23B84186-D785-400B-81C2-35C33F9EC2E1}.Debug|Any CPU.ActiveCfg = Debug|Any CPU
		{23B84186-D785-400B-81C2-35C33F9EC2E1}.Debug|Any CPU.Build.0 = Debug|Any CPU
		{23B84186-D785-400B-81C2-35C33F9EC2E1}.Release|Any CPU.ActiveCfg = Release|Any CPU
		{23B84186-D785-400B-81C2-35C33F9EC2E1}.Release|Any CPU.Build.0 = Release|Any CPU
		{2366466D-9876-4AE1-BB7A-33DD807E4585}.Debug|Any CPU.ActiveCfg = Debug|Any CPU
		{2366466D-9876-4AE1-BB7A-33DD807E4585}.Debug|Any CPU.Build.0 = Debug|Any CPU
		{2366466D-9876-4AE1-BB7A-33DD807E4585}.Release|Any CPU.ActiveCfg = Release|Any CPU
		{2366466D-9876-4AE1-BB7A-33DD807E4585}.Release|Any CPU.Build.0 = Release|Any CPU
		{D10D7DD5-E740-4AC3-9819-3F258B8EBA25}.Debug|Any CPU.ActiveCfg = Debug|Any CPU
		{D10D7DD5-E740-4AC3-9819-3F258B8EBA25}.Debug|Any CPU.Build.0 = Debug|Any CPU
		{D10D7DD5-E740-4AC3-9819-3F258B8EBA25}.Release|Any CPU.ActiveCfg = Release|Any CPU
		{D10D7DD5-E740-4AC3-9819-3F258B8EBA25}.Release|Any CPU.Build.0 = Release|Any CPU
		{074A6E00-BA44-43FE-9CCF-51D5D9B1B698}.Debug|Any CPU.ActiveCfg = Debug|Any CPU
		{074A6E00-BA44-43FE-9CCF-51D5D9B1B698}.Debug|Any CPU.Build.0 = Debug|Any CPU
		{074A6E00-BA44-43FE-9CCF-51D5D9B1B698}.Release|Any CPU.ActiveCfg = Release|Any CPU
		{074A6E00-BA44-43FE-9CCF-51D5D9B1B698}.Release|Any CPU.Build.0 = Release|Any CPU
	EndGlobalSection
	GlobalSection(SolutionProperties) = preSolution
		HideSolutionNode = FALSE
	EndGlobalSection
	GlobalSection(NestedProjects) = preSolution
		{42CDA5AA-23A6-479C-BC1D-765A12E95A9B} = {F901AEC1-A223-439B-9C5B-C4123644C87E}
		{B92E18F8-BA48-4FED-9B84-3B6892A7B252} = {F901AEC1-A223-439B-9C5B-C4123644C87E}
		{5F95E2D3-6328-4FD3-A88C-A97F354C3735} = {F901AEC1-A223-439B-9C5B-C4123644C87E}
		{65AC1441-E96B-44AD-9C22-CF1C846322E7} = {F901AEC1-A223-439B-9C5B-C4123644C87E}
		{45981797-1CC2-43B4-9EC8-8A1D1DE9D64B} = {F901AEC1-A223-439B-9C5B-C4123644C87E}
		{2C49FC02-C1B4-499B-BDE8-A2EDF3048756} = {F901AEC1-A223-439B-9C5B-C4123644C87E}
		{15E76B87-C16E-42C3-B771-3B5D78F17656} = {F901AEC1-A223-439B-9C5B-C4123644C87E}
		{23B84186-D785-400B-81C2-35C33F9EC2E1} = {F901AEC1-A223-439B-9C5B-C4123644C87E}
		{2366466D-9876-4AE1-BB7A-33DD807E4585} = {F901AEC1-A223-439B-9C5B-C4123644C87E}
		{D10D7DD5-E740-4AC3-9819-3F258B8EBA25} = {F901AEC1-A223-439B-9C5B-C4123644C87E}
		{074A6E00-BA44-43FE-9CCF-51D5D9B1B698} = {F901AEC1-A223-439B-9C5B-C4123644C87E}
	EndGlobalSection
EndGlobal
